
Microsoft Visual Studio Solution File, Format Version 10.00
# Visual C# Express 2008
Project("{FAE04EC0-301F-11D3-BF4B-00C04F79EFBC}") = "NI.Examples.Dalc", "NI.Examples.Dalc\NI.Examples.Dalc.csproj", "{F558B3E3-BB9C-4709-ACF6-69F205D827F9}"
EndProject
Project("{FAE04EC0-301F-11D3-BF4B-00C04F79EFBC}") = "NI.Examples.Vfs", "NI.Examples.Vfs\NI.Examples.Vfs.csproj", "{951DCACD-D565-498C-92B3-67E8E668B848}"
EndProject
Project("{FAE04EC0-301F-11D3-BF4B-00C04F79EFBC}") = "NI.Examples.Winter", "NI.Examples.Winter\NI.Examples.Winter.csproj", "{61A57744-B9A6-41C2-8215-A2452BE90403}"
EndProject
Global
	GlobalSection(SolutionConfigurationPlatforms) = preSolution
		Debug|Any CPU = Debug|Any CPU
		Release|Any CPU = Release|Any CPU
	EndGlobalSection
	GlobalSection(ProjectConfigurationPlatforms) = postSolution
		{F558B3E3-BB9C-4709-ACF6-69F205D827F9}.Debug|Any CPU.ActiveCfg = Debug|Any CPU
		{F558B3E3-BB9C-4709-ACF6-69F205D827F9}.Debug|Any CPU.Build.0 = Debug|Any CPU
		{F558B3E3-BB9C-4709-ACF6-69F205D827F9}.Release|Any CPU.ActiveCfg = Release|Any CPU
		{F558B3E3-BB9C-4709-ACF6-69F205D827F9}.Release|Any CPU.Build.0 = Release|Any CPU
		{951DCACD-D565-498C-92B3-67E8E668B848}.Debug|Any CPU.ActiveCfg = Debug|Any CPU
		{951DCACD-D565-498C-92B3-67E8E668B848}.Debug|Any CPU.Build.0 = Debug|Any CPU
		{951DCACD-D565-498C-92B3-67E8E668B848}.Release|Any CPU.ActiveCfg = Release|Any CPU
		{951DCACD-D565-498C-92B3-67E8E668B848}.Release|Any CPU.Build.0 = Release|Any CPU
		{61A57744-B9A6-41C2-8215-A2452BE90403}.Debug|Any CPU.ActiveCfg = Debug|Any CPU
		{61A57744-B9A6-41C2-8215-A2452BE90403}.Debug|Any CPU.Build.0 = Debug|Any CPU
		{61A57744-B9A6-41C2-8215-A2452BE90403}.Release|Any CPU.ActiveCfg = Release|Any CPU
		{61A57744-B9A6-41C2-8215-A2452BE90403}.Release|Any CPU.Build.0 = Release|Any CPU
	EndGlobalSection
	GlobalSection(SolutionProperties) = preSolution
		HideSolutionNode = FALSE
	EndGlobalSection
EndGlobal
