
Microsoft Visual Studio Solution File, Format Version 9.00
# Visual C# Express 2005
Project("{FAE04EC0-301F-11D3-BF4B-00C04F79EFBC}") = "NI.Data.Dalc", "NI.Data.Dalc\NI.Data.Dalc.csproj", "{AC4B7A7E-55CA-4EAE-9FFA-DD6582390E81}"
EndProject
Project("{FAE04EC0-301F-11D3-BF4B-00C04F79EFBC}") = "NI.Data.Dalc.Adomd", "NI.Data.Dalc.Adomd\NI.Data.Dalc.Adomd.csproj", "{47F4C0E3-1B86-458B-A236-F1CCA0FA29DE}"
EndProject
Project("{FAE04EC0-301F-11D3-BF4B-00C04F79EFBC}") = "NI.Data.Dalc.Odbc", "NI.Data.Dalc.Odbc\NI.Data.Dalc.Odbc.csproj", "{481466D1-0D52-497E-9BD9-07B4077BCC2B}"
EndProject
Project("{FAE04EC0-301F-11D3-BF4B-00C04F79EFBC}") = "NI.Data.Dalc.OleDb", "NI.Data.Dalc.OleDb\NI.Data.Dalc.OleDb.csproj", "{B7EDE200-28D0-45C7-9541-BF6AEC025374}"
EndProject
Project("{FAE04EC0-301F-11D3-BF4B-00C04F79EFBC}") = "NI.Data.Dalc.Permissions", "NI.Data.Dalc.Permissions\NI.Data.Dalc.Permissions.csproj", "{6A807D20-CE3F-4461-A649-2CE0852A4C6C}"
EndProject
Project("{FAE04EC0-301F-11D3-BF4B-00C04F79EFBC}") = "NI.Security.Permissions", "NI.Security.Permissions\NI.Security.Permissions.csproj", "{B5570A10-2D50-4E98-BFE1-D8DAF9420AD7}"
EndProject
Project("{FAE04EC0-301F-11D3-BF4B-00C04F79EFBC}") = "NI.Vfs", "NI.Vfs\NI.Vfs.csproj", "{19856FA8-F282-4758-B0F9-9A8572987171}"
EndProject
Project("{FAE04EC0-301F-11D3-BF4B-00C04F79EFBC}") = "NI.Winter", "NI.Winter\NI.Winter.csproj", "{25702474-5D4D-4EEA-A68A-3662A0966ED6}"
EndProject
Global
	GlobalSection(SolutionConfigurationPlatforms) = preSolution
		Debug|Any CPU = Debug|Any CPU
		Release|Any CPU = Release|Any CPU
	EndGlobalSection
	GlobalSection(ProjectConfigurationPlatforms) = postSolution
		{AC4B7A7E-55CA-4EAE-9FFA-DD6582390E81}.Debug|Any CPU.ActiveCfg = Debug|Any CPU
		{AC4B7A7E-55CA-4EAE-9FFA-DD6582390E81}.Debug|Any CPU.Build.0 = Debug|Any CPU
		{AC4B7A7E-55CA-4EAE-9FFA-DD6582390E81}.Release|Any CPU.ActiveCfg = Release|Any CPU
		{AC4B7A7E-55CA-4EAE-9FFA-DD6582390E81}.Release|Any CPU.Build.0 = Release|Any CPU
		{47F4C0E3-1B86-458B-A236-F1CCA0FA29DE}.Debug|Any CPU.ActiveCfg = Debug|Any CPU
		{47F4C0E3-1B86-458B-A236-F1CCA0FA29DE}.Debug|Any CPU.Build.0 = Debug|Any CPU
		{47F4C0E3-1B86-458B-A236-F1CCA0FA29DE}.Release|Any CPU.ActiveCfg = Release|Any CPU
		{47F4C0E3-1B86-458B-A236-F1CCA0FA29DE}.Release|Any CPU.Build.0 = Release|Any CPU
		{481466D1-0D52-497E-9BD9-07B4077BCC2B}.Debug|Any CPU.ActiveCfg = Debug|Any CPU
		{481466D1-0D52-497E-9BD9-07B4077BCC2B}.Debug|Any CPU.Build.0 = Debug|Any CPU
		{481466D1-0D52-497E-9BD9-07B4077BCC2B}.Release|Any CPU.ActiveCfg = Release|Any CPU
		{481466D1-0D52-497E-9BD9-07B4077BCC2B}.Release|Any CPU.Build.0 = Release|Any CPU
		{B7EDE200-28D0-45C7-9541-BF6AEC025374}.Debug|Any CPU.ActiveCfg = Debug|Any CPU
		{B7EDE200-28D0-45C7-9541-BF6AEC025374}.Debug|Any CPU.Build.0 = Debug|Any CPU
		{B7EDE200-28D0-45C7-9541-BF6AEC025374}.Release|Any CPU.ActiveCfg = Release|Any CPU
		{B7EDE200-28D0-45C7-9541-BF6AEC025374}.Release|Any CPU.Build.0 = Release|Any CPU
		{6A807D20-CE3F-4461-A649-2CE0852A4C6C}.Debug|Any CPU.ActiveCfg = Debug|Any CPU
		{6A807D20-CE3F-4461-A649-2CE0852A4C6C}.Debug|Any CPU.Build.0 = Debug|Any CPU
		{6A807D20-CE3F-4461-A649-2CE0852A4C6C}.Release|Any CPU.ActiveCfg = Release|Any CPU
		{6A807D20-CE3F-4461-A649-2CE0852A4C6C}.Release|Any CPU.Build.0 = Release|Any CPU
		{B5570A10-2D50-4E98-BFE1-D8DAF9420AD7}.Debug|Any CPU.ActiveCfg = Debug|Any CPU
		{B5570A10-2D50-4E98-BFE1-D8DAF9420AD7}.Debug|Any CPU.Build.0 = Debug|Any CPU
		{B5570A10-2D50-4E98-BFE1-D8DAF9420AD7}.Release|Any CPU.ActiveCfg = Release|Any CPU
		{B5570A10-2D50-4E98-BFE1-D8DAF9420AD7}.Release|Any CPU.Build.0 = Release|Any CPU
		{19856FA8-F282-4758-B0F9-9A8572987171}.Debug|Any CPU.ActiveCfg = Debug|Any CPU
		{19856FA8-F282-4758-B0F9-9A8572987171}.Debug|Any CPU.Build.0 = Debug|Any CPU
		{19856FA8-F282-4758-B0F9-9A8572987171}.Release|Any CPU.ActiveCfg = Release|Any CPU
		{19856FA8-F282-4758-B0F9-9A8572987171}.Release|Any CPU.Build.0 = Release|Any CPU
		{25702474-5D4D-4EEA-A68A-3662A0966ED6}.Debug|Any CPU.ActiveCfg = Debug|Any CPU
		{25702474-5D4D-4EEA-A68A-3662A0966ED6}.Debug|Any CPU.Build.0 = Debug|Any CPU
		{25702474-5D4D-4EEA-A68A-3662A0966ED6}.Release|Any CPU.ActiveCfg = Release|Any CPU
		{25702474-5D4D-4EEA-A68A-3662A0966ED6}.Release|Any CPU.Build.0 = Release|Any CPU
	EndGlobalSection
	GlobalSection(SolutionProperties) = preSolution
		HideSolutionNode = FALSE
	EndGlobalSection
EndGlobal
