
Microsoft Visual Studio Solution File, Format Version 12.00
# Visual Studio Express 2012 for Web
Project("{FAE04EC0-301F-11D3-BF4B-00C04F79EFBC}") = "NI.Data", "NI.Data\NI.Data.csproj", "{AC4B7A7E-55CA-4EAE-9FFA-DD6582390E81}"
EndProject
Project("{FAE04EC0-301F-11D3-BF4B-00C04F79EFBC}") = "NI.Data.Adomd", "NI.Data.Adomd\NI.Data.Adomd.csproj", "{47F4C0E3-1B86-458B-A236-F1CCA0FA29DE}"
EndProject
Project("{FAE04EC0-301F-11D3-BF4B-00C04F79EFBC}") = "NI.Vfs", "NI.Vfs\NI.Vfs.csproj", "{19856FA8-F282-4758-B0F9-9A8572987171}"
EndProject
Project("{FAE04EC0-301F-11D3-BF4B-00C04F79EFBC}") = "NI.Ioc", "NI.Ioc\NI.Ioc.csproj", "{25702474-5D4D-4EEA-A68A-3662A0966ED6}"
EndProject
Project("{FAE04EC0-301F-11D3-BF4B-00C04F79EFBC}") = "NI.Expressions", "NI.Expressions\NI.Expressions.csproj", "{18403EE8-1014-45C2-9594-E4C5417F013B}"
EndProject
Project("{FAE04EC0-301F-11D3-BF4B-00C04F79EFBC}") = "NI.Data.MySql", "NI.Data.MySql\NI.Data.MySql.csproj", "{C205F1D4-1D5F-4936-A3DC-07CCF315E801}"
EndProject
Project("{FAE04EC0-301F-11D3-BF4B-00C04F79EFBC}") = "NI.Tests", "NI.Tests\NI.Tests.csproj", "{15BD2A38-A1FF-404F-9BD5-BC8CED68BF17}"
EndProject
Project("{FAE04EC0-301F-11D3-BF4B-00C04F79EFBC}") = "NI.Data.Vfs", "NI.Data.Vfs\NI.Data.Vfs.csproj", "{9882195A-1A0B-46CF-A2E1-C5EFDCA88F52}"
EndProject
Project("{FAE04EC0-301F-11D3-BF4B-00C04F79EFBC}") = "NI.Data.Dalc.SQLite", "NI.Data.Dalc.SQLite\NI.Data.Dalc.SQLite.csproj", "{EF36D55D-E325-4B6E-B19F-1392776E72BF}"
EndProject
Global
	GlobalSection(SolutionConfigurationPlatforms) = preSolution
		Debug|Any CPU = Debug|Any CPU
		Release|Any CPU = Release|Any CPU
	EndGlobalSection
	GlobalSection(ProjectConfigurationPlatforms) = postSolution
		{AC4B7A7E-55CA-4EAE-9FFA-DD6582390E81}.Debug|Any CPU.ActiveCfg = Debug|Any CPU
		{AC4B7A7E-55CA-4EAE-9FFA-DD6582390E81}.Debug|Any CPU.Build.0 = Debug|Any CPU
		{AC4B7A7E-55CA-4EAE-9FFA-DD6582390E81}.Release|Any CPU.ActiveCfg = Release|Any CPU
		{AC4B7A7E-55CA-4EAE-9FFA-DD6582390E81}.Release|Any CPU.Build.0 = Release|Any CPU
		{47F4C0E3-1B86-458B-A236-F1CCA0FA29DE}.Debug|Any CPU.ActiveCfg = Debug|Any CPU
		{47F4C0E3-1B86-458B-A236-F1CCA0FA29DE}.Debug|Any CPU.Build.0 = Debug|Any CPU
		{47F4C0E3-1B86-458B-A236-F1CCA0FA29DE}.Release|Any CPU.ActiveCfg = Release|Any CPU
		{47F4C0E3-1B86-458B-A236-F1CCA0FA29DE}.Release|Any CPU.Build.0 = Release|Any CPU
		{19856FA8-F282-4758-B0F9-9A8572987171}.Debug|Any CPU.ActiveCfg = Debug|Any CPU
		{19856FA8-F282-4758-B0F9-9A8572987171}.Debug|Any CPU.Build.0 = Debug|Any CPU
		{19856FA8-F282-4758-B0F9-9A8572987171}.Release|Any CPU.ActiveCfg = Release|Any CPU
		{19856FA8-F282-4758-B0F9-9A8572987171}.Release|Any CPU.Build.0 = Release|Any CPU
		{25702474-5D4D-4EEA-A68A-3662A0966ED6}.Debug|Any CPU.ActiveCfg = Debug|Any CPU
		{25702474-5D4D-4EEA-A68A-3662A0966ED6}.Debug|Any CPU.Build.0 = Debug|Any CPU
		{25702474-5D4D-4EEA-A68A-3662A0966ED6}.Release|Any CPU.ActiveCfg = Release|Any CPU
		{25702474-5D4D-4EEA-A68A-3662A0966ED6}.Release|Any CPU.Build.0 = Release|Any CPU
		{18403EE8-1014-45C2-9594-E4C5417F013B}.Debug|Any CPU.ActiveCfg = Debug|Any CPU
		{18403EE8-1014-45C2-9594-E4C5417F013B}.Debug|Any CPU.Build.0 = Debug|Any CPU
		{18403EE8-1014-45C2-9594-E4C5417F013B}.Release|Any CPU.ActiveCfg = Release|Any CPU
		{18403EE8-1014-45C2-9594-E4C5417F013B}.Release|Any CPU.Build.0 = Release|Any CPU
		{C205F1D4-1D5F-4936-A3DC-07CCF315E801}.Debug|Any CPU.ActiveCfg = Debug|Any CPU
		{C205F1D4-1D5F-4936-A3DC-07CCF315E801}.Debug|Any CPU.Build.0 = Debug|Any CPU
		{C205F1D4-1D5F-4936-A3DC-07CCF315E801}.Release|Any CPU.ActiveCfg = Release|Any CPU
		{C205F1D4-1D5F-4936-A3DC-07CCF315E801}.Release|Any CPU.Build.0 = Release|Any CPU
		{15BD2A38-A1FF-404F-9BD5-BC8CED68BF17}.Debug|Any CPU.ActiveCfg = Debug|Any CPU
		{15BD2A38-A1FF-404F-9BD5-BC8CED68BF17}.Debug|Any CPU.Build.0 = Debug|Any CPU
		{15BD2A38-A1FF-404F-9BD5-BC8CED68BF17}.Release|Any CPU.ActiveCfg = Release|Any CPU
		{15BD2A38-A1FF-404F-9BD5-BC8CED68BF17}.Release|Any CPU.Build.0 = Release|Any CPU
		{9882195A-1A0B-46CF-A2E1-C5EFDCA88F52}.Debug|Any CPU.ActiveCfg = Debug|Any CPU
		{9882195A-1A0B-46CF-A2E1-C5EFDCA88F52}.Debug|Any CPU.Build.0 = Debug|Any CPU
		{9882195A-1A0B-46CF-A2E1-C5EFDCA88F52}.Release|Any CPU.ActiveCfg = Release|Any CPU
		{9882195A-1A0B-46CF-A2E1-C5EFDCA88F52}.Release|Any CPU.Build.0 = Release|Any CPU
	EndGlobalSection
	GlobalSection(SolutionProperties) = preSolution
		HideSolutionNode = FALSE
	EndGlobalSection
EndGlobal
